<?xml version="1.0" encoding="utf-8"?>
<Project ToolsVersion="4.0" xmlns="http://schemas.microsoft.com/developer/msbuild/2003">
  <ItemGroup>
    <ClInclude Include="src\World\Chunk.h">
      <Filter>src\World</Filter>
    </ClInclude>
    <ClInclude Include="src\World\ChunkManager.h">
      <Filter>src\World</Filter>
    </ClInclude>
    <ClInclude Include="src\OpenGL\Shader.h">
      <Filter>src\OpenGL</Filter>
    </ClInclude>
    <ClInclude Include="src\OpenGL\Texture.h">
      <Filter>src\OpenGL</Filter>
    </ClInclude>
    <ClInclude Include="src\OpenGL\Camera.h">
      <Filter>src\OpenGL</Filter>
    </ClInclude>
    <ClInclude Include="src\World\Generation\SimplexNoise.h">
      <Filter>src\World\Generation</Filter>
    </ClInclude>
    <ClInclude Include="src\Thread\ThreadPool.h">
      <Filter>src\Thread</Filter>
    </ClInclude>
    <ClInclude Include="src\Physics\CollisionShape.h">
      <Filter>src\Physics</Filter>
    </ClInclude>
    <ClInclude Include="src\Physics\PhysicsEngine.h">
      <Filter>src\Physics</Filter>
    </ClInclude>
    <ClInclude Include="src\Entities\Entity.h">
      <Filter>src\Entities</Filter>
    </ClInclude>
    <ClInclude Include="src\Entities\Player.h">
      <Filter>src\Entities</Filter>
    </ClInclude>
  </ItemGroup>
  <ItemGroup>
    <ClCompile Include="src\glad.c">
      <Filter>src</Filter>
    </ClCompile>
    <ClCompile Include="src\VoxelEngine.cpp">
      <Filter>src</Filter>
    </ClCompile>
    <ClCompile Include="src\World\Chunk.cpp">
      <Filter>src\World</Filter>
    </ClCompile>
    <ClCompile Include="src\World\ChunkManager.cpp">
      <Filter>src\World</Filter>
    </ClCompile>
    <ClCompile Include="src\World\Generation\SimplexNoise.cpp">
      <Filter>src\World\Generation</Filter>
    </ClCompile>
    <ClCompile Include="src\Physics\PhysicsEngine.cpp">
      <Filter>src\Physics</Filter>
    </ClCompile>
    <ClCompile Include="src\Entities\Player.cpp">
      <Filter>src\Entities</Filter>
    </ClCompile>
  </ItemGroup>
  <ItemGroup>
    <Filter Include="src">
      <UniqueIdentifier>{3e9b6e2b-977d-47a6-8892-a450d4ff0448}</UniqueIdentifier>
    </Filter>
    <Filter Include="res">
      <UniqueIdentifier>{1e34d070-2c79-4c7b-867b-95c4cf384d57}</UniqueIdentifier>
    </Filter>
    <Filter Include="res\textures">
      <UniqueIdentifier>{a4d99a55-038d-44c9-9194-479d480fdf08}</UniqueIdentifier>
    </Filter>
    <Filter Include="res\shaders">
      <UniqueIdentifier>{51d0c62c-817b-41aa-89be-a027df5f7283}</UniqueIdentifier>
    </Filter>
    <Filter Include="src\World">
      <UniqueIdentifier>{5d8009da-86dd-44f3-958b-b5dfb0ff8cbd}</UniqueIdentifier>
    </Filter>
    <Filter Include="src\Thread">
      <UniqueIdentifier>{01e4f2ba-ad57-4059-9341-9c9626db29f8}</UniqueIdentifier>
    </Filter>
    <Filter Include="src\OpenGL">
      <UniqueIdentifier>{d4640ee1-ae14-4622-9f12-451559f3f260}</UniqueIdentifier>
    </Filter>
    <Filter Include="src\World\Generation">
      <UniqueIdentifier>{879854f5-ff99-486b-b853-e1cd243cc139}</UniqueIdentifier>
    </Filter>
    <Filter Include="src\Physics">
      <UniqueIdentifier>{d66b910a-4a04-45d1-8842-2ad938f92ca9}</UniqueIdentifier>
    </Filter>
    <Filter Include="src\Entities">
      <UniqueIdentifier>{f4899271-e939-4e20-aeb3-bb00e25e02f6}</UniqueIdentifier>
    </Filter>
  </ItemGroup>
  <ItemGroup>
    <None Include="res\shaders\block.frag">
      <Filter>res\shaders</Filter>
    </None>
    <None Include="res\shaders\block.vert">
      <Filter>res\shaders</Filter>
    </None>
  </ItemGroup>
  <ItemGroup>
    <Image Include="res\textures\terrain.png">
      <Filter>res\textures</Filter>
    </Image>
  </ItemGroup>
</Project>